{
  "name": "box-intersect",
  "version": "1.0.3",
  "lockfileVersion": 2,
  "requires": true,
  "packages": {
    "": {
      "version": "1.0.3",
      "license": "MIT",
      "dependencies": {
        "@jpweeks/typedarray-pool": "^2.0.0",
        "bit-twiddle": "^1.0.2"
      },
      "devDependencies": {
        "array-shuffle": "^1.0.0",
        "dup": "^1.0.0",
        "guarded-array": "^1.0.0",
        "iota-array": "^1.0.0",
        "tape": "^3.4.0",
        "uniq": "^1.0.1"
      }
    },
    "node_modules/@jpweeks/typedarray-pool": {
      "version": "2.0.0",
      "resolved": "https://registry.npmjs.org/@jpweeks/typedarray-pool/-/typedarray-pool-2.0.0.tgz",
      "integrity": "sha512-gIVyexWRE9UtiwWWr0bQuO1Odl6jZkVGVzdCVwAl4aCYllOPf+A8pz99ttYtAieXOh5OS3M50qfRYd+yDw6jEw==",
      "dependencies": {
        "bit-twiddle": "^1.0.0",
        "dup": "^1.0.0",
        "is-buffer": "^2.0.3"
      }
    },
    "node_modules/array-shuffle": {
      "version": "1.0.0",
      "resolved": "https://registry.npmjs.org/array-shuffle/-/array-shuffle-1.0.0.tgz",
      "integrity": "sha1-wTP6c1hwmb13rRfLdi3X7kTZQVs=",
      "dev": true,
      "engines": {
        "node": ">=0.10.0"
      }
    },
    "node_modules/bit-twiddle": {
      "version": "1.0.2",
      "resolved": "https://registry.npmjs.org/bit-twiddle/-/bit-twiddle-1.0.2.tgz",
      "integrity": "sha1-DGwfq+KyPRcXPZpht7cJPrnhdp4="
    },
    "node_modules/dup": {
      "version": "1.0.0",
      "resolved": "https://registry.npmjs.org/dup/-/dup-1.0.0.tgz",
      "integrity": "sha1-UfxaxoX4GWRp3wuQXpNLIK9bQCk="
    },
    "node_modules/guarded-array": {
      "version": "1.0.0",
      "resolved": "https://registry.npmjs.org/guarded-array/-/guarded-array-1.0.0.tgz",
      "integrity": "sha1-+bHcTp+Z3d4w1XjjgLodofBqHts=",
      "dev": true
    },
    "node_modules/iota-array": {
      "version": "1.0.0",
      "resolved": "https://registry.npmjs.org/iota-array/-/iota-array-1.0.0.tgz",
      "integrity": "sha1-ge9X/l0FgUzVjCSDYyqZwwoOgIc=",
      "dev": true
    },
    "node_modules/is-buffer": {
      "version": "2.0.5",
      "resolved": "https://registry.npmjs.org/is-buffer/-/is-buffer-2.0.5.tgz",
      "integrity": "sha512-i2R6zNFDwgEHJyQUtJEk0XFi1i0dPFn/oqjK3/vPCcDeJvW5NQ83V8QbicfF1SupOaB0h8ntgBC2YiE7dfyctQ==",
      "funding": [
        {
          "type": "github",
          "url": "https://github.com/sponsors/feross"
        },
        {
          "type": "patreon",
          "url": "https://www.patreon.com/feross"
        },
        {
          "type": "consulting",
          "url": "https://feross.org/support"
        }
      ],
      "engines": {
        "node": ">=4"
      }
    },
    "node_modules/tape": {
      "version": "3.5.0",
      "resolved": "https://registry.npmjs.org/tape/-/tape-3.5.0.tgz",
      "integrity": "sha1-rrsGE4gQStDLQHvoQnggSdZGJPg=",
      "dev": true,
      "dependencies": {
        "deep-equal": "0.2.2",
        "defined": "0.0.0",
        "glob": "3.2.11",
        "inherits": "2.0.1",
        "object-inspect": "0.4.0",
        "resumer": "0.0.0",
        "through": "2.3.7"
      },
      "bin": {
        "tape": "bin/tape"
      }
    },
    "node_modules/tape/node_modules/deep-equal": {
      "version": "0.2.2",
      "resolved": "https://registry.npmjs.org/deep-equal/-/deep-equal-0.2.2.tgz",
      "integrity": "sha1-hLdFiW80xoTpjyzg5Cq69Du6AX0=",
      "dev": true
    },
    "node_modules/tape/node_modules/defined": {
      "version": "0.0.0",
      "resolved": "https://registry.npmjs.org/defined/-/defined-0.0.0.tgz",
      "integrity": "sha1-817qfXBekzuvE7LwOz+D2SFAOz4=",
      "dev": true
    },
    "node_modules/tape/node_modules/glob": {
      "version": "3.2.11",
      "resolved": "https://registry.npmjs.org/glob/-/glob-3.2.11.tgz",
      "integrity": "sha1-Spc/Y1uRkPcV0QmH1cAP0oFevj0=",
      "dev": true,
      "dependencies": {
        "inherits": "2.0.1",
        "minimatch": "0.3.0"
      },
      "engines": {
        "node": "*"
      }
    },
    "node_modules/tape/node_modules/glob/node_modules/minimatch": {
      "version": "0.3.0",
      "resolved": "https://registry.npmjs.org/minimatch/-/minimatch-0.3.0.tgz",
      "integrity": "sha1-J12O2qxPG7MyZHIInnlJyDlGmd0=",
      "dev": true,
      "dependencies": {
        "lru-cache": "2.6.4",
        "sigmund": "1.0.1"
      },
      "engines": {
        "node": "*"
      }
    },
    "node_modules/tape/node_modules/glob/node_modules/minimatch/node_modules/lru-cache": {
      "version": "2.6.4",
      "resolved": "https://registry.npmjs.org/lru-cache/-/lru-cache-2.6.4.tgz",
      "integrity": "sha1-JnUZDM0bBwHsL2UqTQ09QA12wN0=",
      "dev": true
    },
    "node_modules/tape/node_modules/glob/node_modules/minimatch/node_modules/sigmund": {
      "version": "1.0.1",
      "resolved": "https://registry.npmjs.org/sigmund/-/sigmund-1.0.1.tgz",
      "integrity": "sha1-P/IfGYytIXX587eBhT/ZTQ0ZtZA=",
      "dev": true
    },
    "node_modules/tape/node_modules/inherits": {
      "version": "2.0.1",
      "resolved": "https://registry.npmjs.org/inherits/-/inherits-2.0.1.tgz",
      "integrity": "sha1-sX0I0ya0Qj5Wjv9xn5GwscvfafE=",
      "dev": true
    },
    "node_modules/tape/node_modules/object-inspect": {
      "version": "0.4.0",
      "resolved": "https://registry.npmjs.org/object-inspect/-/object-inspect-0.4.0.tgz",
      "integrity": "sha1-9RV8EWwUVbJDsG7pdwM5LFrYn+w=",
      "dev": true
    },
    "node_modules/tape/node_modules/resumer": {
      "version": "0.0.0",
      "resolved": "https://registry.npmjs.org/resumer/-/resumer-0.0.0.tgz",
      "integrity": "sha1-8ej0YeQGS6Oegq883CqMiT0HZ1k=",
      "dev": true,
      "dependencies": {
        "through": "2.3.7"
      }
    },
    "node_modules/tape/node_modules/through": {
      "version": "2.3.7",
      "resolved": "https://registry.npmjs.org/through/-/through-2.3.7.tgz",
      "integrity": "sha1-X8w2kP7S/fmMb8iLTSB6RiSsO4c=",
      "dev": true
    },
    "node_modules/uniq": {
      "version": "1.0.1",
      "resolved": "https://registry.npmjs.org/uniq/-/uniq-1.0.1.tgz",
      "integrity": "sha1-sxxa6CVIRKOoKBVBzisEuGWnNP8=",
      "dev": true
    }
  },
  "dependencies": {
    "@jpweeks/typedarray-pool": {
      "version": "2.0.0",
      "resolved": "https://registry.npmjs.org/@jpweeks/typedarray-pool/-/typedarray-pool-2.0.0.tgz",
      "integrity": "sha512-gIVyexWRE9UtiwWWr0bQuO1Odl6jZkVGVzdCVwAl4aCYllOPf+A8pz99ttYtAieXOh5OS3M50qfRYd+yDw6jEw==",
      "requires": {
        "bit-twiddle": "^1.0.0",
        "dup": "^1.0.0",
        "is-buffer": "^2.0.3"
      }
    },
    "array-shuffle": {
      "version": "1.0.0",
      "resolved": "https://registry.npmjs.org/array-shuffle/-/array-shuffle-1.0.0.tgz",
      "integrity": "sha1-wTP6c1hwmb13rRfLdi3X7kTZQVs=",
      "dev": true
    },
    "bit-twiddle": {
      "version": "1.0.2",
      "resolved": "https://registry.npmjs.org/bit-twiddle/-/bit-twiddle-1.0.2.tgz",
      "integrity": "sha1-DGwfq+KyPRcXPZpht7cJPrnhdp4="
    },
    "dup": {
      "version": "1.0.0",
      "resolved": "https://registry.npmjs.org/dup/-/dup-1.0.0.tgz",
      "integrity": "sha1-UfxaxoX4GWRp3wuQXpNLIK9bQCk="
    },
    "guarded-array": {
      "version": "1.0.0",
      "resolved": "https://registry.npmjs.org/guarded-array/-/guarded-array-1.0.0.tgz",
      "integrity": "sha1-+bHcTp+Z3d4w1XjjgLodofBqHts=",
      "dev": true
    },
    "iota-array": {
      "version": "1.0.0",
      "resolved": "https://registry.npmjs.org/iota-array/-/iota-array-1.0.0.tgz",
      "integrity": "sha1-ge9X/l0FgUzVjCSDYyqZwwoOgIc=",
      "dev": true
    },
    "is-buffer": {
      "version": "2.0.5",
      "resolved": "https://registry.npmjs.org/is-buffer/-/is-buffer-2.0.5.tgz",
      "integrity": "sha512-i2R6zNFDwgEHJyQUtJEk0XFi1i0dPFn/oqjK3/vPCcDeJvW5NQ83V8QbicfF1SupOaB0h8ntgBC2YiE7dfyctQ=="
    },
    "tape": {
      "version": "3.5.0",
      "resolved": "https://registry.npmjs.org/tape/-/tape-3.5.0.tgz",
      "integrity": "sha1-rrsGE4gQStDLQHvoQnggSdZGJPg=",
      "dev": true,
      "requires": {
        "deep-equal": "0.2.2",
        "defined": "0.0.0",
        "glob": "3.2.11",
        "inherits": "2.0.1",
        "object-inspect": "0.4.0",
        "resumer": "0.0.0",
        "through": "2.3.7"
      },
      "dependencies": {
        "deep-equal": {
          "version": "0.2.2",
          "resolved": "https://registry.npmjs.org/deep-equal/-/deep-equal-0.2.2.tgz",
          "integrity": "sha1-hLdFiW80xoTpjyzg5Cq69Du6AX0=",
          "dev": true
        },
        "defined": {
          "version": "0.0.0",
          "resolved": "https://registry.npmjs.org/defined/-/defined-0.0.0.tgz",
          "integrity": "sha1-817qfXBekzuvE7LwOz+D2SFAOz4=",
          "dev": true
        },
        "glob": {
          "version": "3.2.11",
          "resolved": "https://registry.npmjs.org/glob/-/glob-3.2.11.tgz",
          "integrity": "sha1-Spc/Y1uRkPcV0QmH1cAP0oFevj0=",
          "dev": true,
          "requires": {
            "inherits": "2.0.1",
            "minimatch": "0.3.0"
          },
          "dependencies": {
            "minimatch": {
              "version": "0.3.0",
              "resolved": "https://registry.npmjs.org/minimatch/-/minimatch-0.3.0.tgz",
              "integrity": "sha1-J12O2qxPG7MyZHIInnlJyDlGmd0=",
              "dev": true,
              "requires": {
                "lru-cache": "2.6.4",
                "sigmund": "1.0.1"
              },
              "dependencies": {
                "lru-cache": {
                  "version": "2.6.4",
                  "resolved": "https://registry.npmjs.org/lru-cache/-/lru-cache-2.6.4.tgz",
                  "integrity": "sha1-JnUZDM0bBwHsL2UqTQ09QA12wN0=",
                  "dev": true
                },
                "sigmund": {
                  "version": "1.0.1",
                  "resolved": "https://registry.npmjs.org/sigmund/-/sigmund-1.0.1.tgz",
                  "integrity": "sha1-P/IfGYytIXX587eBhT/ZTQ0ZtZA=",
                  "dev": true
                }
              }
            }
          }
        },
        "inherits": {
          "version": "2.0.1",
          "resolved": "https://registry.npmjs.org/inherits/-/inherits-2.0.1.tgz",
          "integrity": "sha1-sX0I0ya0Qj5Wjv9xn5GwscvfafE=",
          "dev": true
        },
        "object-inspect": {
          "version": "0.4.0",
          "resolved": "https://registry.npmjs.org/object-inspect/-/object-inspect-0.4.0.tgz",
          "integrity": "sha1-9RV8EWwUVbJDsG7pdwM5LFrYn+w=",
          "dev": true
        },
        "resumer": {
          "version": "0.0.0",
          "resolved": "https://registry.npmjs.org/resumer/-/resumer-0.0.0.tgz",
          "integrity": "sha1-8ej0YeQGS6Oegq883CqMiT0HZ1k=",
          "dev": true,
          "requires": {
            "through": "2.3.7"
          }
        },
        "through": {
          "version": "2.3.7",
          "resolved": "https://registry.npmjs.org/through/-/through-2.3.7.tgz",
          "integrity": "sha1-X8w2kP7S/fmMb8iLTSB6RiSsO4c=",
          "dev": true
        }
      }
    },
    "uniq": {
      "version": "1.0.1",
      "resolved": "https://registry.npmjs.org/uniq/-/uniq-1.0.1.tgz",
      "integrity": "sha1-sxxa6CVIRKOoKBVBzisEuGWnNP8=",
      "dev": true
    }
  }
}
